
Microsoft Visual Studio Solution File, Format Version 12.00
# Visual Studio 15
VisualStudioVersion = 15.0.28307.902
MinimumVisualStudioVersion = 10.0.40219.1
Project("{FAE04EC0-301F-11D3-BF4B-00C04F79EFBC}") = "PavelProj", "PavelProj\PavelProj.csproj", "{A13644CA-4285-4945-B6EA-EB904D7443FC}"
EndProject
Project("{FAE04EC0-301F-11D3-BF4B-00C04F79EFBC}") = "ChartLibrary", "ChartLibrary\ChartLibrary.csproj", "{19B24629-D5EF-4FC9-90FF-45CDDFA5D8D3}"
EndProject
Global
	GlobalSection(SolutionConfigurationPlatforms) = preSolution
		Debug|Any CPU = Debug|Any CPU
		Release|Any CPU = Release|Any CPU
	EndGlobalSection
	GlobalSection(ProjectConfigurationPlatforms) = postSolution
		{A13644CA-4285-4945-B6EA-EB904D7443FC}.Debug|Any CPU.ActiveCfg = Debug|Any CPU
		{A13644CA-4285-4945-B6EA-EB904D7443FC}.Debug|Any CPU.Build.0 = Debug|Any CPU
		{A13644CA-4285-4945-B6EA-EB904D7443FC}.Release|Any CPU.ActiveCfg = Release|Any CPU
		{A13644CA-4285-4945-B6EA-EB904D7443FC}.Release|Any CPU.Build.0 = Release|Any CPU
		{19B24629-D5EF-4FC9-90FF-45CDDFA5D8D3}.Debug|Any CPU.ActiveCfg = Debug|Any CPU
		{19B24629-D5EF-4FC9-90FF-45CDDFA5D8D3}.Debug|Any CPU.Build.0 = Debug|Any CPU
		{19B24629-D5EF-4FC9-90FF-45CDDFA5D8D3}.Release|Any CPU.ActiveCfg = Release|Any CPU
		{19B24629-D5EF-4FC9-90FF-45CDDFA5D8D3}.Release|Any CPU.Build.0 = Release|Any CPU
	EndGlobalSection
	GlobalSection(SolutionProperties) = preSolution
		HideSolutionNode = FALSE
	EndGlobalSection
	GlobalSection(ExtensibilityGlobals) = postSolution
		SolutionGuid = {F7A429AA-CFA8-4D1F-9FC8-9D8F610B1243}
	EndGlobalSection
EndGlobal
